
Microsoft Visual Studio Solution File, Format Version 12.00
# Visual Studio Version 17
VisualStudioVersion = 17.14.36414.22
MinimumVisualStudioVersion = 10.0.40219.1
Project("{FAE04EC0-301F-11D3-BF4B-00C04F79EFBC}") = "Tyuiu.BukhryakovAY.Sprint3.Task0.V16", "Tyuiu.BukhryakovAY.Sprint3.Task0.V16\Tyuiu.BukhryakovAY.Sprint3.Task0.V16.csproj", "{42B1688F-9520-413E-ABE5-E4F27290E87D}"
EndProject
Project("{FAE04EC0-301F-11D3-BF4B-00C04F79EFBC}") = "Tyuiu.BukhryakovAY.Sprint3.Task0.V16.Test", "Tyuiu.BukhryakovAY.Sprint3.Task0.V16.Test\Tyuiu.BukhryakovAY.Sprint3.Task0.V16.Test.csproj", "{C64290B8-CA61-4804-A4D9-C438D1087C82}"
EndProject
Project("{FAE04EC0-301F-11D3-BF4B-00C04F79EFBC}") = "Tyuiu.BukhryakovAY.Sprint3.Task0.V16.Lib", "Tyuiu.BukhryakovAY.Sprint3.Task0.V16.Lib\Tyuiu.BukhryakovAY.Sprint3.Task0.V16.Lib.csproj", "{879E3D7B-D5B1-44E3-ACFD-66C9CD24739F}"
EndProject
Project("{2150E333-8FDC-42A3-9474-1A3956D46DE8}") = "Task0", "Task0", "{02EA681E-C7D8-13C7-8484-4AC65E1B71E8}"
EndProject
Project("{2150E333-8FDC-42A3-9474-1A3956D46DE8}") = "Task1", "Task1", "{E4C897D2-6CF8-419C-AF28-0193D03B01A5}"
EndProject
Project("{FAE04EC0-301F-11D3-BF4B-00C04F79EFBC}") = "Tyuiu.BukhryakovAY.Sprint3.Task1.V8", "Tyuiu.BukhryakovAY.Sprint3.Task1.V8\Tyuiu.BukhryakovAY.Sprint3.Task1.V8.csproj", "{75A5ACF6-809B-4797-AF06-2ED5F568698A}"
EndProject
Project("{FAE04EC0-301F-11D3-BF4B-00C04F79EFBC}") = "Tyuiu.BukhryakovAY.Sprint3.Task1.V8.Lib", "Tyuiu.BukhryakovAY.Sprint3.Task1.V8.Lib\Tyuiu.BukhryakovAY.Sprint3.Task1.V8.Lib.csproj", "{F9272CA6-9142-4DB2-9764-7BA7F08BCC43}"
EndProject
Project("{FAE04EC0-301F-11D3-BF4B-00C04F79EFBC}") = "Tyuiu.BukhryakovAY.Sprint3.Task1.V8.Test", "Tyuiu.BukhryakovAY.Sprint3.Task1.V8.Test\Tyuiu.BukhryakovAY.Sprint3.Task1.V8.Test.csproj", "{3427A5D1-FBB3-40C2-8CA0-B881128FDE35}"
EndProject
Global
	GlobalSection(SolutionConfigurationPlatforms) = preSolution
		Debug|Any CPU = Debug|Any CPU
		Release|Any CPU = Release|Any CPU
	EndGlobalSection
	GlobalSection(ProjectConfigurationPlatforms) = postSolution
		{42B1688F-9520-413E-ABE5-E4F27290E87D}.Debug|Any CPU.ActiveCfg = Debug|Any CPU
		{42B1688F-9520-413E-ABE5-E4F27290E87D}.Debug|Any CPU.Build.0 = Debug|Any CPU
		{42B1688F-9520-413E-ABE5-E4F27290E87D}.Release|Any CPU.ActiveCfg = Release|Any CPU
		{42B1688F-9520-413E-ABE5-E4F27290E87D}.Release|Any CPU.Build.0 = Release|Any CPU
		{C64290B8-CA61-4804-A4D9-C438D1087C82}.Debug|Any CPU.ActiveCfg = Debug|Any CPU
		{C64290B8-CA61-4804-A4D9-C438D1087C82}.Debug|Any CPU.Build.0 = Debug|Any CPU
		{C64290B8-CA61-4804-A4D9-C438D1087C82}.Release|Any CPU.ActiveCfg = Release|Any CPU
		{C64290B8-CA61-4804-A4D9-C438D1087C82}.Release|Any CPU.Build.0 = Release|Any CPU
		{879E3D7B-D5B1-44E3-ACFD-66C9CD24739F}.Debug|Any CPU.ActiveCfg = Debug|Any CPU
		{879E3D7B-D5B1-44E3-ACFD-66C9CD24739F}.Debug|Any CPU.Build.0 = Debug|Any CPU
		{879E3D7B-D5B1-44E3-ACFD-66C9CD24739F}.Release|Any CPU.ActiveCfg = Release|Any CPU
		{879E3D7B-D5B1-44E3-ACFD-66C9CD24739F}.Release|Any CPU.Build.0 = Release|Any CPU
		{75A5ACF6-809B-4797-AF06-2ED5F568698A}.Debug|Any CPU.ActiveCfg = Debug|Any CPU
		{75A5ACF6-809B-4797-AF06-2ED5F568698A}.Debug|Any CPU.Build.0 = Debug|Any CPU
		{75A5ACF6-809B-4797-AF06-2ED5F568698A}.Release|Any CPU.ActiveCfg = Release|Any CPU
		{75A5ACF6-809B-4797-AF06-2ED5F568698A}.Release|Any CPU.Build.0 = Release|Any CPU
		{F9272CA6-9142-4DB2-9764-7BA7F08BCC43}.Debug|Any CPU.ActiveCfg = Debug|Any CPU
		{F9272CA6-9142-4DB2-9764-7BA7F08BCC43}.Debug|Any CPU.Build.0 = Debug|Any CPU
		{F9272CA6-9142-4DB2-9764-7BA7F08BCC43}.Release|Any CPU.ActiveCfg = Release|Any CPU
		{F9272CA6-9142-4DB2-9764-7BA7F08BCC43}.Release|Any CPU.Build.0 = Release|Any CPU
		{3427A5D1-FBB3-40C2-8CA0-B881128FDE35}.Debug|Any CPU.ActiveCfg = Debug|Any CPU
		{3427A5D1-FBB3-40C2-8CA0-B881128FDE35}.Debug|Any CPU.Build.0 = Debug|Any CPU
		{3427A5D1-FBB3-40C2-8CA0-B881128FDE35}.Release|Any CPU.ActiveCfg = Release|Any CPU
		{3427A5D1-FBB3-40C2-8CA0-B881128FDE35}.Release|Any CPU.Build.0 = Release|Any CPU
	EndGlobalSection
	GlobalSection(SolutionProperties) = preSolution
		HideSolutionNode = FALSE
	EndGlobalSection
	GlobalSection(NestedProjects) = preSolution
		{42B1688F-9520-413E-ABE5-E4F27290E87D} = {02EA681E-C7D8-13C7-8484-4AC65E1B71E8}
		{C64290B8-CA61-4804-A4D9-C438D1087C82} = {02EA681E-C7D8-13C7-8484-4AC65E1B71E8}
		{879E3D7B-D5B1-44E3-ACFD-66C9CD24739F} = {02EA681E-C7D8-13C7-8484-4AC65E1B71E8}
		{75A5ACF6-809B-4797-AF06-2ED5F568698A} = {E4C897D2-6CF8-419C-AF28-0193D03B01A5}
		{F9272CA6-9142-4DB2-9764-7BA7F08BCC43} = {E4C897D2-6CF8-419C-AF28-0193D03B01A5}
		{3427A5D1-FBB3-40C2-8CA0-B881128FDE35} = {E4C897D2-6CF8-419C-AF28-0193D03B01A5}
	EndGlobalSection
	GlobalSection(ExtensibilityGlobals) = postSolution
		SolutionGuid = {F45EA2C3-E5FB-4632-9221-A6351E1D8378}
	EndGlobalSection
EndGlobal
